
Microsoft Visual Studio Solution File, Format Version 12.00
# Visual Studio Version 17
VisualStudioVersion = 17.1.32210.238
MinimumVisualStudioVersion = 10.0.40219.1
Project("{9A19103F-16F7-4668-BE54-9A1E7A4F7556}") = "DataManagement", "DataManagement.csproj", "{4D3DD3C5-ED12-409A-8968-941E934D986F}"
EndProject
Project("{54435603-DBB4-11D2-8724-00A0C9A8B90C}") = "SetupDataManagement", "SetupDataManagement\SetupDataManagement.vdproj", "{6DFE9EF6-D3E4-46EC-A02F-BD61BD84E0E4}"
EndProject
Global
	GlobalSection(SolutionConfigurationPlatforms) = preSolution
		Debug|Any CPU = Debug|Any CPU
		Release|Any CPU = Release|Any CPU
	EndGlobalSection
	GlobalSection(ProjectConfigurationPlatforms) = postSolution
		{4D3DD3C5-ED12-409A-8968-941E934D986F}.Debug|Any CPU.ActiveCfg = Debug|Any CPU
		{4D3DD3C5-ED12-409A-8968-941E934D986F}.Debug|Any CPU.Build.0 = Debug|Any CPU
		{4D3DD3C5-ED12-409A-8968-941E934D986F}.Release|Any CPU.ActiveCfg = Release|Any CPU
		{4D3DD3C5-ED12-409A-8968-941E934D986F}.Release|Any CPU.Build.0 = Release|Any CPU
		{6DFE9EF6-D3E4-46EC-A02F-BD61BD84E0E4}.Debug|Any CPU.ActiveCfg = Debug
		{6DFE9EF6-D3E4-46EC-A02F-BD61BD84E0E4}.Release|Any CPU.ActiveCfg = Release
	EndGlobalSection
	GlobalSection(SolutionProperties) = preSolution
		HideSolutionNode = FALSE
	EndGlobalSection
	GlobalSection(ExtensibilityGlobals) = postSolution
		SolutionGuid = {FE492219-6A00-43DE-9713-9FF0A49C4DA6}
	EndGlobalSection
EndGlobal
